
Microsoft Visual Studio Solution File, Format Version 12.00
# Visual Studio Version 16
VisualStudioVersion = 16.0.29920.165
MinimumVisualStudioVersion = 10.0.40219.1
Project("{FAE04EC0-301F-11D3-BF4B-00C04F79EFBC}") = "DXWebNWind", "DXWebNWind\DXWebNWind.csproj", "{CC7C5575-B004-4924-BD9E-205598CDB686}"
EndProject
Global
	GlobalSection(SolutionConfigurationPlatforms) = preSolution
		Debug|Any CPU = Debug|Any CPU
		Release|Any CPU = Release|Any CPU
	EndGlobalSection
	GlobalSection(ProjectConfigurationPlatforms) = postSolution
		{CC7C5575-B004-4924-BD9E-205598CDB686}.Debug|Any CPU.ActiveCfg = Debug|Any CPU
		{CC7C5575-B004-4924-BD9E-205598CDB686}.Debug|Any CPU.Build.0 = Debug|Any CPU
		{CC7C5575-B004-4924-BD9E-205598CDB686}.Release|Any CPU.ActiveCfg = Release|Any CPU
		{CC7C5575-B004-4924-BD9E-205598CDB686}.Release|Any CPU.Build.0 = Release|Any CPU
	EndGlobalSection
	GlobalSection(SolutionProperties) = preSolution
		HideSolutionNode = FALSE
	EndGlobalSection
	GlobalSection(ExtensibilityGlobals) = postSolution
		SolutionGuid = {503422A3-6BF4-4CAD-ADDC-170419B8BA7D}
	EndGlobalSection
EndGlobal
